{
  "name": "clean-ci-app",
  "version": "1.0.0",
  "lockfileVersion": 3,
  "requires": true,
  "packages": {
    "": {
      "name": "clean-ci-app",
      "version": "1.0.0",
      "dependencies": {
        "dep-a": "file:../dep-a"
      }
    },
    "../dep-a": {
      "version": "1.0.0"
    },
    "node_modules/dep-a": {
      "resolved": "../dep-a",
      "link": true
    }
  }
}
